
Microsoft Visual Studio Solution File, Format Version 12.00
# Visual Studio Version 17
VisualStudioVersion = 17.6.33723.286
MinimumVisualStudioVersion = 10.0.40219.1
Project("{FAE04EC0-301F-11D3-BF4B-00C04F79EFBC}") = "Task", "Task\Task.csproj", "{43EFCBDB-02F3-450D-B296-4A1D79B4DE06}"
EndProject
Global
	GlobalSection(SolutionConfigurationPlatforms) = preSolution
		Debug|Any CPU = Debug|Any CPU
		Release|Any CPU = Release|Any CPU
	EndGlobalSection
	GlobalSection(ProjectConfigurationPlatforms) = postSolution
		{43EFCBDB-02F3-450D-B296-4A1D79B4DE06}.Debug|Any CPU.ActiveCfg = Debug|Any CPU
		{43EFCBDB-02F3-450D-B296-4A1D79B4DE06}.Debug|Any CPU.Build.0 = Debug|Any CPU
		{43EFCBDB-02F3-450D-B296-4A1D79B4DE06}.Release|Any CPU.ActiveCfg = Release|Any CPU
		{43EFCBDB-02F3-450D-B296-4A1D79B4DE06}.Release|Any CPU.Build.0 = Release|Any CPU
	EndGlobalSection
	GlobalSection(SolutionProperties) = preSolution
		HideSolutionNode = FALSE
	EndGlobalSection
	GlobalSection(ExtensibilityGlobals) = postSolution
		SolutionGuid = {B153C50D-AA02-423C-AA23-8A8F7DB3E09A}
	EndGlobalSection
EndGlobal
