
Microsoft Visual Studio Solution File, Format Version 12.00
# Visual Studio Version 17
VisualStudioVersion = 17.6.33723.286
MinimumVisualStudioVersion = 10.0.40219.1
Project("{9A19103F-16F7-4668-BE54-9A1E7A4F7556}") = "Task 1", "Task 1\Task 1.csproj", "{2FD00217-E5E7-4803-9D51-81A103DE0C3C}"
EndProject
Project("{FAE04EC0-301F-11D3-BF4B-00C04F79EFBC}") = "Task 2", "Task 2\Task 2.csproj", "{7E1291CD-F899-4018-8F3A-98C5AE797EA0}"
EndProject
Global
	GlobalSection(SolutionConfigurationPlatforms) = preSolution
		Debug|Any CPU = Debug|Any CPU
		Release|Any CPU = Release|Any CPU
	EndGlobalSection
	GlobalSection(ProjectConfigurationPlatforms) = postSolution
		{2FD00217-E5E7-4803-9D51-81A103DE0C3C}.Debug|Any CPU.ActiveCfg = Debug|Any CPU
		{2FD00217-E5E7-4803-9D51-81A103DE0C3C}.Debug|Any CPU.Build.0 = Debug|Any CPU
		{2FD00217-E5E7-4803-9D51-81A103DE0C3C}.Release|Any CPU.ActiveCfg = Release|Any CPU
		{2FD00217-E5E7-4803-9D51-81A103DE0C3C}.Release|Any CPU.Build.0 = Release|Any CPU
		{7E1291CD-F899-4018-8F3A-98C5AE797EA0}.Debug|Any CPU.ActiveCfg = Debug|Any CPU
		{7E1291CD-F899-4018-8F3A-98C5AE797EA0}.Debug|Any CPU.Build.0 = Debug|Any CPU
		{7E1291CD-F899-4018-8F3A-98C5AE797EA0}.Release|Any CPU.ActiveCfg = Release|Any CPU
		{7E1291CD-F899-4018-8F3A-98C5AE797EA0}.Release|Any CPU.Build.0 = Release|Any CPU
	EndGlobalSection
	GlobalSection(SolutionProperties) = preSolution
		HideSolutionNode = FALSE
	EndGlobalSection
	GlobalSection(ExtensibilityGlobals) = postSolution
		SolutionGuid = {1C3B5BFA-91D1-477C-8575-0BDD7AAAE9F6}
	EndGlobalSection
EndGlobal
