
Microsoft Visual Studio Solution File, Format Version 12.00
# Visual Studio Version 17
VisualStudioVersion = 17.6.33723.286
MinimumVisualStudioVersion = 10.0.40219.1
Project("{9A19103F-16F7-4668-BE54-9A1E7A4F7556}") = "Lecture 4", "Lecture 4\Lecture 4.csproj", "{1E08303A-2DE4-4BC0-A4A7-8F89040C1654}"
EndProject
Project("{FAE04EC0-301F-11D3-BF4B-00C04F79EFBC}") = "Task2", "Task2\Task2.csproj", "{8D4E2AA2-F9C8-43F5-A7BF-EC0C0B521062}"
EndProject
Project("{FAE04EC0-301F-11D3-BF4B-00C04F79EFBC}") = "Task 3", "Task 3\Task 3.csproj", "{D428539D-7A27-4099-BF61-A0996BCFC215}"
EndProject
Project("{FAE04EC0-301F-11D3-BF4B-00C04F79EFBC}") = "Task 4", "Task 4\Task 4.csproj", "{692C333A-36DA-4E29-AF36-AA6135DD2305}"
EndProject
Project("{FAE04EC0-301F-11D3-BF4B-00C04F79EFBC}") = "Task 5", "Task 5\Task 5.csproj", "{DD494A78-6C1C-4550-B19F-0FDED8EA822F}"
EndProject
Global
	GlobalSection(SolutionConfigurationPlatforms) = preSolution
		Debug|Any CPU = Debug|Any CPU
		Release|Any CPU = Release|Any CPU
	EndGlobalSection
	GlobalSection(ProjectConfigurationPlatforms) = postSolution
		{1E08303A-2DE4-4BC0-A4A7-8F89040C1654}.Debug|Any CPU.ActiveCfg = Debug|Any CPU
		{1E08303A-2DE4-4BC0-A4A7-8F89040C1654}.Debug|Any CPU.Build.0 = Debug|Any CPU
		{1E08303A-2DE4-4BC0-A4A7-8F89040C1654}.Release|Any CPU.ActiveCfg = Release|Any CPU
		{1E08303A-2DE4-4BC0-A4A7-8F89040C1654}.Release|Any CPU.Build.0 = Release|Any CPU
		{8D4E2AA2-F9C8-43F5-A7BF-EC0C0B521062}.Debug|Any CPU.ActiveCfg = Debug|Any CPU
		{8D4E2AA2-F9C8-43F5-A7BF-EC0C0B521062}.Debug|Any CPU.Build.0 = Debug|Any CPU
		{8D4E2AA2-F9C8-43F5-A7BF-EC0C0B521062}.Release|Any CPU.ActiveCfg = Release|Any CPU
		{8D4E2AA2-F9C8-43F5-A7BF-EC0C0B521062}.Release|Any CPU.Build.0 = Release|Any CPU
		{D428539D-7A27-4099-BF61-A0996BCFC215}.Debug|Any CPU.ActiveCfg = Debug|Any CPU
		{D428539D-7A27-4099-BF61-A0996BCFC215}.Debug|Any CPU.Build.0 = Debug|Any CPU
		{D428539D-7A27-4099-BF61-A0996BCFC215}.Release|Any CPU.ActiveCfg = Release|Any CPU
		{D428539D-7A27-4099-BF61-A0996BCFC215}.Release|Any CPU.Build.0 = Release|Any CPU
		{692C333A-36DA-4E29-AF36-AA6135DD2305}.Debug|Any CPU.ActiveCfg = Debug|Any CPU
		{692C333A-36DA-4E29-AF36-AA6135DD2305}.Debug|Any CPU.Build.0 = Debug|Any CPU
		{692C333A-36DA-4E29-AF36-AA6135DD2305}.Release|Any CPU.ActiveCfg = Release|Any CPU
		{692C333A-36DA-4E29-AF36-AA6135DD2305}.Release|Any CPU.Build.0 = Release|Any CPU
		{DD494A78-6C1C-4550-B19F-0FDED8EA822F}.Debug|Any CPU.ActiveCfg = Debug|Any CPU
		{DD494A78-6C1C-4550-B19F-0FDED8EA822F}.Debug|Any CPU.Build.0 = Debug|Any CPU
		{DD494A78-6C1C-4550-B19F-0FDED8EA822F}.Release|Any CPU.ActiveCfg = Release|Any CPU
		{DD494A78-6C1C-4550-B19F-0FDED8EA822F}.Release|Any CPU.Build.0 = Release|Any CPU
	EndGlobalSection
	GlobalSection(SolutionProperties) = preSolution
		HideSolutionNode = FALSE
	EndGlobalSection
	GlobalSection(ExtensibilityGlobals) = postSolution
		SolutionGuid = {F4F97851-F649-4645-BC8B-5C6AAFC3B915}
	EndGlobalSection
EndGlobal
