
Microsoft Visual Studio Solution File, Format Version 12.00
# Visual Studio Version 17
VisualStudioVersion = 17.6.33723.286
MinimumVisualStudioVersion = 10.0.40219.1
Project("{FAE04EC0-301F-11D3-BF4B-00C04F79EFBC}") = "Task 1", "Task 1\Task 1.csproj", "{9E6E8184-8A60-4B34-A409-1C4A9C0B609E}"
EndProject
Project("{FAE04EC0-301F-11D3-BF4B-00C04F79EFBC}") = "Task 2", "Task 2\Task 2.csproj", "{A17C99CE-AE89-4829-AEEE-5A405E02EE81}"
EndProject
Global
	GlobalSection(SolutionConfigurationPlatforms) = preSolution
		Debug|Any CPU = Debug|Any CPU
		Release|Any CPU = Release|Any CPU
	EndGlobalSection
	GlobalSection(ProjectConfigurationPlatforms) = postSolution
		{9E6E8184-8A60-4B34-A409-1C4A9C0B609E}.Debug|Any CPU.ActiveCfg = Debug|Any CPU
		{9E6E8184-8A60-4B34-A409-1C4A9C0B609E}.Debug|Any CPU.Build.0 = Debug|Any CPU
		{9E6E8184-8A60-4B34-A409-1C4A9C0B609E}.Release|Any CPU.ActiveCfg = Release|Any CPU
		{9E6E8184-8A60-4B34-A409-1C4A9C0B609E}.Release|Any CPU.Build.0 = Release|Any CPU
		{A17C99CE-AE89-4829-AEEE-5A405E02EE81}.Debug|Any CPU.ActiveCfg = Debug|Any CPU
		{A17C99CE-AE89-4829-AEEE-5A405E02EE81}.Debug|Any CPU.Build.0 = Debug|Any CPU
		{A17C99CE-AE89-4829-AEEE-5A405E02EE81}.Release|Any CPU.ActiveCfg = Release|Any CPU
		{A17C99CE-AE89-4829-AEEE-5A405E02EE81}.Release|Any CPU.Build.0 = Release|Any CPU
	EndGlobalSection
	GlobalSection(SolutionProperties) = preSolution
		HideSolutionNode = FALSE
	EndGlobalSection
	GlobalSection(ExtensibilityGlobals) = postSolution
		SolutionGuid = {E82F11D2-3054-4009-BB6D-12D179571480}
	EndGlobalSection
EndGlobal
