
Microsoft Visual Studio Solution File, Format Version 12.00
# Visual Studio Version 17
VisualStudioVersion = 17.6.33723.286
MinimumVisualStudioVersion = 10.0.40219.1
Project("{9A19103F-16F7-4668-BE54-9A1E7A4F7556}") = "Lecture 03 - Task1", "gamkofebis raodenoba\Lecture 03 - Task1.csproj", "{968BDBA1-125D-4DA5-A94D-682BE63BDAB3}"
EndProject
Project("{9A19103F-16F7-4668-BE54-9A1E7A4F7556}") = "Lecture 03 - Task2", "Lecture 03 - Task2\Lecture 03 - Task2.csproj", "{50691835-AB87-47B1-BDF5-3A1C71286E4A}"
EndProject
Project("{9A19103F-16F7-4668-BE54-9A1E7A4F7556}") = "Lecture 03 - Task5", "Lecture 03 - Task5\Lecture 03 - Task5.csproj", "{4E514282-AA88-4677-8BB4-4DB167ADE6AE}"
EndProject
Project("{9A19103F-16F7-4668-BE54-9A1E7A4F7556}") = "Lecture 03 - Task3", "Lecture 03 - Task3\Lecture 03 - Task3.csproj", "{5ABBEC8C-57F6-40EC-AABD-4D7043A3D412}"
EndProject
Project("{9A19103F-16F7-4668-BE54-9A1E7A4F7556}") = "Lecture 03 - Task04", "Lecture 03 - Task04\Lecture 03 - Task04.csproj", "{3DB697D3-A273-48C0-9320-599485D84D2D}"
EndProject
Project("{FAE04EC0-301F-11D3-BF4B-00C04F79EFBC}") = "task", "task\task.csproj", "{E82B1BB6-7D2D-4CE8-8A58-0DAC5B995B5C}"
EndProject
Global
	GlobalSection(SolutionConfigurationPlatforms) = preSolution
		Debug|Any CPU = Debug|Any CPU
		Release|Any CPU = Release|Any CPU
	EndGlobalSection
	GlobalSection(ProjectConfigurationPlatforms) = postSolution
		{968BDBA1-125D-4DA5-A94D-682BE63BDAB3}.Debug|Any CPU.ActiveCfg = Debug|Any CPU
		{968BDBA1-125D-4DA5-A94D-682BE63BDAB3}.Debug|Any CPU.Build.0 = Debug|Any CPU
		{968BDBA1-125D-4DA5-A94D-682BE63BDAB3}.Release|Any CPU.ActiveCfg = Release|Any CPU
		{968BDBA1-125D-4DA5-A94D-682BE63BDAB3}.Release|Any CPU.Build.0 = Release|Any CPU
		{50691835-AB87-47B1-BDF5-3A1C71286E4A}.Debug|Any CPU.ActiveCfg = Debug|Any CPU
		{50691835-AB87-47B1-BDF5-3A1C71286E4A}.Debug|Any CPU.Build.0 = Debug|Any CPU
		{50691835-AB87-47B1-BDF5-3A1C71286E4A}.Release|Any CPU.ActiveCfg = Release|Any CPU
		{50691835-AB87-47B1-BDF5-3A1C71286E4A}.Release|Any CPU.Build.0 = Release|Any CPU
		{4E514282-AA88-4677-8BB4-4DB167ADE6AE}.Debug|Any CPU.ActiveCfg = Debug|Any CPU
		{4E514282-AA88-4677-8BB4-4DB167ADE6AE}.Debug|Any CPU.Build.0 = Debug|Any CPU
		{4E514282-AA88-4677-8BB4-4DB167ADE6AE}.Release|Any CPU.ActiveCfg = Release|Any CPU
		{4E514282-AA88-4677-8BB4-4DB167ADE6AE}.Release|Any CPU.Build.0 = Release|Any CPU
		{5ABBEC8C-57F6-40EC-AABD-4D7043A3D412}.Debug|Any CPU.ActiveCfg = Debug|Any CPU
		{5ABBEC8C-57F6-40EC-AABD-4D7043A3D412}.Debug|Any CPU.Build.0 = Debug|Any CPU
		{5ABBEC8C-57F6-40EC-AABD-4D7043A3D412}.Release|Any CPU.ActiveCfg = Release|Any CPU
		{5ABBEC8C-57F6-40EC-AABD-4D7043A3D412}.Release|Any CPU.Build.0 = Release|Any CPU
		{3DB697D3-A273-48C0-9320-599485D84D2D}.Debug|Any CPU.ActiveCfg = Debug|Any CPU
		{3DB697D3-A273-48C0-9320-599485D84D2D}.Debug|Any CPU.Build.0 = Debug|Any CPU
		{3DB697D3-A273-48C0-9320-599485D84D2D}.Release|Any CPU.ActiveCfg = Release|Any CPU
		{3DB697D3-A273-48C0-9320-599485D84D2D}.Release|Any CPU.Build.0 = Release|Any CPU
		{E82B1BB6-7D2D-4CE8-8A58-0DAC5B995B5C}.Debug|Any CPU.ActiveCfg = Debug|Any CPU
		{E82B1BB6-7D2D-4CE8-8A58-0DAC5B995B5C}.Debug|Any CPU.Build.0 = Debug|Any CPU
		{E82B1BB6-7D2D-4CE8-8A58-0DAC5B995B5C}.Release|Any CPU.ActiveCfg = Release|Any CPU
		{E82B1BB6-7D2D-4CE8-8A58-0DAC5B995B5C}.Release|Any CPU.Build.0 = Release|Any CPU
	EndGlobalSection
	GlobalSection(SolutionProperties) = preSolution
		HideSolutionNode = FALSE
	EndGlobalSection
	GlobalSection(ExtensibilityGlobals) = postSolution
		SolutionGuid = {0A73DF35-8FC6-4FC6-80E2-D588C1270F53}
	EndGlobalSection
EndGlobal
