
Microsoft Visual Studio Solution File, Format Version 12.00
# Visual Studio Version 17
VisualStudioVersion = 17.6.33723.286
MinimumVisualStudioVersion = 10.0.40219.1
Project("{9A19103F-16F7-4668-BE54-9A1E7A4F7556}") = "task 2", "task 2\task 2.csproj", "{E97F911B-086A-4545-BD46-78062ECF5605}"
EndProject
Project("{9A19103F-16F7-4668-BE54-9A1E7A4F7556}") = "task 3", "task 3\task 3.csproj", "{779B8CEA-27A6-4B69-9130-6DE1301E0911}"
EndProject
Project("{FAE04EC0-301F-11D3-BF4B-00C04F79EFBC}") = "task", "task\task.csproj", "{3B1E8662-B8F6-41F8-B0CC-689BC020AF82}"
EndProject
Global
	GlobalSection(SolutionConfigurationPlatforms) = preSolution
		Debug|Any CPU = Debug|Any CPU
		Release|Any CPU = Release|Any CPU
	EndGlobalSection
	GlobalSection(ProjectConfigurationPlatforms) = postSolution
		{E97F911B-086A-4545-BD46-78062ECF5605}.Debug|Any CPU.ActiveCfg = Debug|Any CPU
		{E97F911B-086A-4545-BD46-78062ECF5605}.Debug|Any CPU.Build.0 = Debug|Any CPU
		{E97F911B-086A-4545-BD46-78062ECF5605}.Release|Any CPU.ActiveCfg = Release|Any CPU
		{E97F911B-086A-4545-BD46-78062ECF5605}.Release|Any CPU.Build.0 = Release|Any CPU
		{779B8CEA-27A6-4B69-9130-6DE1301E0911}.Debug|Any CPU.ActiveCfg = Debug|Any CPU
		{779B8CEA-27A6-4B69-9130-6DE1301E0911}.Debug|Any CPU.Build.0 = Debug|Any CPU
		{779B8CEA-27A6-4B69-9130-6DE1301E0911}.Release|Any CPU.ActiveCfg = Release|Any CPU
		{779B8CEA-27A6-4B69-9130-6DE1301E0911}.Release|Any CPU.Build.0 = Release|Any CPU
		{3B1E8662-B8F6-41F8-B0CC-689BC020AF82}.Debug|Any CPU.ActiveCfg = Debug|Any CPU
		{3B1E8662-B8F6-41F8-B0CC-689BC020AF82}.Debug|Any CPU.Build.0 = Debug|Any CPU
		{3B1E8662-B8F6-41F8-B0CC-689BC020AF82}.Release|Any CPU.ActiveCfg = Release|Any CPU
		{3B1E8662-B8F6-41F8-B0CC-689BC020AF82}.Release|Any CPU.Build.0 = Release|Any CPU
	EndGlobalSection
	GlobalSection(SolutionProperties) = preSolution
		HideSolutionNode = FALSE
	EndGlobalSection
	GlobalSection(ExtensibilityGlobals) = postSolution
		SolutionGuid = {2A8D7318-2629-4C9B-B5B6-1215FDDCCB3C}
	EndGlobalSection
EndGlobal
