
Microsoft Visual Studio Solution File, Format Version 12.00
# Visual Studio Version 17
VisualStudioVersion = 17.6.33723.286
MinimumVisualStudioVersion = 10.0.40219.1
Project("{FAE04EC0-301F-11D3-BF4B-00C04F79EFBC}") = "Task1", "Task1\Task1.csproj", "{665F88AA-42EB-4BAF-ADC4-CF0BDC6A43DB}"
EndProject
Project("{FAE04EC0-301F-11D3-BF4B-00C04F79EFBC}") = "ClassLibrary", "ClassLibrary\ClassLibrary.csproj", "{804FE809-F148-4303-9291-6F42012F6469}"
EndProject
Project("{FAE04EC0-301F-11D3-BF4B-00C04F79EFBC}") = "StringLibrary", "StringLibrary\StringLibrary.csproj", "{7D4F192F-1214-47F0-8353-135429111882}"
EndProject
Global
	GlobalSection(SolutionConfigurationPlatforms) = preSolution
		Debug|Any CPU = Debug|Any CPU
		Release|Any CPU = Release|Any CPU
	EndGlobalSection
	GlobalSection(ProjectConfigurationPlatforms) = postSolution
		{665F88AA-42EB-4BAF-ADC4-CF0BDC6A43DB}.Debug|Any CPU.ActiveCfg = Debug|Any CPU
		{665F88AA-42EB-4BAF-ADC4-CF0BDC6A43DB}.Debug|Any CPU.Build.0 = Debug|Any CPU
		{665F88AA-42EB-4BAF-ADC4-CF0BDC6A43DB}.Release|Any CPU.ActiveCfg = Release|Any CPU
		{665F88AA-42EB-4BAF-ADC4-CF0BDC6A43DB}.Release|Any CPU.Build.0 = Release|Any CPU
		{804FE809-F148-4303-9291-6F42012F6469}.Debug|Any CPU.ActiveCfg = Debug|Any CPU
		{804FE809-F148-4303-9291-6F42012F6469}.Debug|Any CPU.Build.0 = Debug|Any CPU
		{804FE809-F148-4303-9291-6F42012F6469}.Release|Any CPU.ActiveCfg = Release|Any CPU
		{804FE809-F148-4303-9291-6F42012F6469}.Release|Any CPU.Build.0 = Release|Any CPU
		{7D4F192F-1214-47F0-8353-135429111882}.Debug|Any CPU.ActiveCfg = Debug|Any CPU
		{7D4F192F-1214-47F0-8353-135429111882}.Debug|Any CPU.Build.0 = Debug|Any CPU
		{7D4F192F-1214-47F0-8353-135429111882}.Release|Any CPU.ActiveCfg = Release|Any CPU
		{7D4F192F-1214-47F0-8353-135429111882}.Release|Any CPU.Build.0 = Release|Any CPU
	EndGlobalSection
	GlobalSection(SolutionProperties) = preSolution
		HideSolutionNode = FALSE
	EndGlobalSection
	GlobalSection(ExtensibilityGlobals) = postSolution
		SolutionGuid = {B67BB3E0-B48F-4AC9-A7A6-2F3EA7572C1F}
	EndGlobalSection
EndGlobal
